
Microsoft Visual Studio Solution File, Format Version 12.00
# Visual Studio Version 17
VisualStudioVersion = 17.7.34202.233
MinimumVisualStudioVersion = 10.0.40219.1
Project("{FAE04EC0-301F-11D3-BF4B-00C04F79EFBC}") = "LR6", "LR6.csproj", "{6A3588DA-A343-4188-A124-473C9D024AC1}"
EndProject
Global
	GlobalSection(SolutionConfigurationPlatforms) = preSolution
		Debug|Any CPU = Debug|Any CPU
		Release|Any CPU = Release|Any CPU
	EndGlobalSection
	GlobalSection(ProjectConfigurationPlatforms) = postSolution
		{6A3588DA-A343-4188-A124-473C9D024AC1}.Debug|Any CPU.ActiveCfg = Debug|Any CPU
		{6A3588DA-A343-4188-A124-473C9D024AC1}.Debug|Any CPU.Build.0 = Debug|Any CPU
		{6A3588DA-A343-4188-A124-473C9D024AC1}.Release|Any CPU.ActiveCfg = Release|Any CPU
		{6A3588DA-A343-4188-A124-473C9D024AC1}.Release|Any CPU.Build.0 = Release|Any CPU
	EndGlobalSection
	GlobalSection(SolutionProperties) = preSolution
		HideSolutionNode = FALSE
	EndGlobalSection
	GlobalSection(ExtensibilityGlobals) = postSolution
		SolutionGuid = {45FA498C-0E6D-497A-901F-575C58748B54}
	EndGlobalSection
EndGlobal
